{
    "_meta": {
        "hash": {
            "sha256": "5420e3736bcc7b0288a2c6ce82761057efdd3806c7efb2362720c284838b3a8c"
        },
        "pipfile-spec": 6,
        "requires": {
            "python_version": "3.6"
        },
        "sources": [
            {
                "name": "pypi",
                "url": "https://pypi.org/simple",
                "verify_ssl": true
            }
        ]
    },
    "default": {
        "pytorch": {
            "hashes": [
                "sha256:a6915d372c085a02eceebf59d16cbcc18a2693ac3487a53e3cc8be31fee65079"
            ],
            "index": "pypi",
            "version": "==1.0.2"
        }
    },
    "develop": {}
}
